
Microsoft Visual Studio Solution File, Format Version 12.00
# Visual Studio Version 17
VisualStudioVersion = 17.8.34316.72
MinimumVisualStudioVersion = 10.0.40219.1
Project("{FAE04EC0-301F-11D3-BF4B-00C04F79EFBC}") = "AppWPF", "AppWPF\AppWPF.csproj", "{F68F734D-D52E-4F63-8FCB-5686982BBCE7}"
EndProject
Global
	GlobalSection(SolutionConfigurationPlatforms) = preSolution
		Debug|Any CPU = Debug|Any CPU
		Release|Any CPU = Release|Any CPU
	EndGlobalSection
	GlobalSection(ProjectConfigurationPlatforms) = postSolution
		{F68F734D-D52E-4F63-8FCB-5686982BBCE7}.Debug|Any CPU.ActiveCfg = Debug|Any CPU
		{F68F734D-D52E-4F63-8FCB-5686982BBCE7}.Debug|Any CPU.Build.0 = Debug|Any CPU
		{F68F734D-D52E-4F63-8FCB-5686982BBCE7}.Release|Any CPU.ActiveCfg = Release|Any CPU
		{F68F734D-D52E-4F63-8FCB-5686982BBCE7}.Release|Any CPU.Build.0 = Release|Any CPU
	EndGlobalSection
	GlobalSection(SolutionProperties) = preSolution
		HideSolutionNode = FALSE
	EndGlobalSection
	GlobalSection(ExtensibilityGlobals) = postSolution
		SolutionGuid = {17D74050-9358-468E-86E0-CB58F68DD281}
	EndGlobalSection
EndGlobal
